{
  "name": "throw_error_test",
  "version": "0.0.1",
  "lockfileVersion": 1,
  "requires": true,
  "dependencies": {
    "@vertx/auth-common": {
      "version": "3.9.0",
      "resolved": "https://registry.npmjs.org/@vertx/auth-common/-/auth-common-3.9.0.tgz",
      "integrity": "sha512-XzXeZXtesc2dE1o1TGWiyr+W+jXIxHUJKduHZx7yWTKwvE9W2jVYcK3vFRewKWCV1C8/0d6AmiHd3t/yahIX7A==",
      "requires": {
        "@vertx/core": "3.9.0"
      }
    },
    "@vertx/bridge-common": {
      "version": "3.9.0",
      "resolved": "https://registry.npmjs.org/@vertx/bridge-common/-/bridge-common-3.9.0.tgz",
      "integrity": "sha512-bXK7+ApR3kvb6NVkb7ocmhK1u44DFTHXsf6V4PvIHwlxnd1r2UoCsNBmOUn1jlXL56WDXS/6LIfBVxI9A915dQ==",
      "requires": {
        "@vertx/core": "3.9.0"
      }
    },
    "@vertx/core": {
      "version": "3.9.0",
      "resolved": "https://registry.npmjs.org/@vertx/core/-/core-3.9.0.tgz",
      "integrity": "sha512-lKzn9ath0mA7jtGfS55mX4oK0s9KpNPMS1K9KD5jY9u1yFd7uGXVgYYM5i3mTZpjzK7hcsBGTKoye9NWPG7AVg=="
    },
    "@vertx/unit": {
      "version": "3.9.0",
      "resolved": "https://registry.npmjs.org/@vertx/unit/-/unit-3.9.0.tgz",
      "integrity": "sha512-T833iThURXQp/ZxJjh3fuxXNho0LTu2d9MgGd8nl4DZoe1JoMre1cUBgTwwOxfeocQlzgH3lmx6BhGuqNJq3tA==",
      "dev": true,
      "requires": {
        "@vertx/core": "3.9.0"
      }
    },
    "@vertx/web": {
      "version": "3.9.0",
      "resolved": "https://registry.npmjs.org/@vertx/web/-/web-3.9.0.tgz",
      "integrity": "sha512-p7gVY1njtvT6raImEenpNBBfJKlcZ8/8VGw6/I4qgkWmgu3Msaux7RMfZlnqVaQE2GPxdRmmrub3iHYoCVkw4A==",
      "requires": {
        "@vertx/auth-common": "3.9.0",
        "@vertx/bridge-common": "3.9.0",
        "@vertx/core": "3.9.0",
        "@vertx/web-common": "3.9.0"
      }
    },
    "@vertx/web-common": {
      "version": "3.9.0",
      "resolved": "https://registry.npmjs.org/@vertx/web-common/-/web-common-3.9.0.tgz",
      "integrity": "sha512-oiKMI6nRwqgNaPX0LS2ZztvM98TKx4Qyjq70idvSY5iKN0YNmp1IW9kZP9seAqoT++7dlV/gzM23u+/ohUh4qA==",
      "requires": {
        "@vertx/core": "3.9.0"
      }
    },
    "es4x-pm": {
      "version": "0.10.1",
      "resolved": "https://registry.npmjs.org/es4x-pm/-/es4x-pm-0.10.1.tgz",
      "integrity": "sha512-3Y+qTc0mGEwLhE7Awte39lmwWEaQC4BtXjrvvZWjIgIB3ln/rI/Ka61hc/6wIcAP72/r6+k05fM0EQDVAvoWjg==",
      "dev": true
    },
    "typescript": {
      "version": "3.8.3",
      "resolved": "https://registry.npmjs.org/typescript/-/typescript-3.8.3.tgz",
      "integrity": "sha512-MYlEfn5VrLNsgudQTVJeNaQFUAI7DkhnOjdpAp4T+ku1TfQClewlbSuTVHiA+8skNBgaf02TL/kLOvig4y3G8w==",
      "dev": true
    }
  }
}
