
Microsoft Visual Studio Solution File, Format Version 11.00
# Visual Studio 2010
Project("{FAE04EC0-301F-11D3-BF4B-00C04F79EFBC}") = "Assembly-CSharp", "Assembly-CSharp.csproj", "{47EB934D-648D-A10D-3659-BFEF89D5EFFF}"
EndProject
Project("{FAE04EC0-301F-11D3-BF4B-00C04F79EFBC}") = "Assembly-CSharp-firstpass", "Assembly-CSharp-firstpass.csproj", "{C12A294A-6296-83DB-B225-AA6C63668472}"
EndProject
Project("{FAE04EC0-301F-11D3-BF4B-00C04F79EFBC}") = "Assembly-CSharp-Editor-firstpass", "Assembly-CSharp-Editor-firstpass.csproj", "{DFEB0D3A-F7F1-5847-7DEE-402AD3D55570}"
EndProject
Global
	GlobalSection(SolutionConfigurationPlatforms) = preSolution
		Debug|Any CPU = Debug|Any CPU
		Release|Any CPU = Release|Any CPU
	EndGlobalSection
	GlobalSection(ProjectConfigurationPlatforms) = postSolution
		{47EB934D-648D-A10D-3659-BFEF89D5EFFF}.Debug|Any CPU.ActiveCfg = Debug|Any CPU
		{47EB934D-648D-A10D-3659-BFEF89D5EFFF}.Debug|Any CPU.Build.0 = Debug|Any CPU
		{47EB934D-648D-A10D-3659-BFEF89D5EFFF}.Release|Any CPU.ActiveCfg = Release|Any CPU
		{47EB934D-648D-A10D-3659-BFEF89D5EFFF}.Release|Any CPU.Build.0 = Release|Any CPU
		{C12A294A-6296-83DB-B225-AA6C63668472}.Debug|Any CPU.ActiveCfg = Debug|Any CPU
		{C12A294A-6296-83DB-B225-AA6C63668472}.Debug|Any CPU.Build.0 = Debug|Any CPU
		{C12A294A-6296-83DB-B225-AA6C63668472}.Release|Any CPU.ActiveCfg = Release|Any CPU
		{C12A294A-6296-83DB-B225-AA6C63668472}.Release|Any CPU.Build.0 = Release|Any CPU
		{DFEB0D3A-F7F1-5847-7DEE-402AD3D55570}.Debug|Any CPU.ActiveCfg = Debug|Any CPU
		{DFEB0D3A-F7F1-5847-7DEE-402AD3D55570}.Debug|Any CPU.Build.0 = Debug|Any CPU
		{DFEB0D3A-F7F1-5847-7DEE-402AD3D55570}.Release|Any CPU.ActiveCfg = Release|Any CPU
		{DFEB0D3A-F7F1-5847-7DEE-402AD3D55570}.Release|Any CPU.Build.0 = Release|Any CPU
	EndGlobalSection
	GlobalSection(SolutionProperties) = preSolution
		HideSolutionNode = FALSE
	EndGlobalSection
EndGlobal
